
Microsoft Visual Studio Solution File, Format Version 12.00
# Visual Studio Version 16
VisualStudioVersion = 16.0.30320.27
MinimumVisualStudioVersion = 10.0.40219.1
Project("{9A19103F-16F7-4668-BE54-9A1E7A4F7556}") = "nba_ml_api", "nba_ml_api\nba_ml_api.csproj", "{352A72A1-3F50-448B-A748-0FF86E7DA044}"
EndProject
Global
	GlobalSection(SolutionConfigurationPlatforms) = preSolution
		Debug|Any CPU = Debug|Any CPU
		Release|Any CPU = Release|Any CPU
	EndGlobalSection
	GlobalSection(ProjectConfigurationPlatforms) = postSolution
		{352A72A1-3F50-448B-A748-0FF86E7DA044}.Debug|Any CPU.ActiveCfg = Debug|Any CPU
		{352A72A1-3F50-448B-A748-0FF86E7DA044}.Debug|Any CPU.Build.0 = Debug|Any CPU
		{352A72A1-3F50-448B-A748-0FF86E7DA044}.Release|Any CPU.ActiveCfg = Release|Any CPU
		{352A72A1-3F50-448B-A748-0FF86E7DA044}.Release|Any CPU.Build.0 = Release|Any CPU
	EndGlobalSection
	GlobalSection(SolutionProperties) = preSolution
		HideSolutionNode = FALSE
	EndGlobalSection
	GlobalSection(ExtensibilityGlobals) = postSolution
		SolutionGuid = {E38F0806-FD96-49E0-AE9F-D4B0DC860089}
	EndGlobalSection
EndGlobal
